allowVolumeExpansion: true
apiVersion: storage.k8s.io/v1
kind: StorageClass
metadata:
  annotations:
    kubectl.kubernetes.io/last-applied-configuration: |
      {"allowVolumeExpansion":true,"apiVersion":"storage.k8s.io/v1","kind":"StorageClass","metadata":{"annotations":{"storageclass.kubernetes.io/is-default-class":"true"},"labels":{"app.kubernetes.io/managed-by":"pulumi"},"name":"ceph-block"},"parameters":{"clusterID":"rook-ceph","csi.storage.k8s.io/controller-expand-secret-name":"rook-csi-rbd-provisioner","csi.storage.k8s.io/controller-expand-secret-namespace":"rook-ceph","csi.storage.k8s.io/fstype":"ext4","csi.storage.k8s.io/node-stage-secret-name":"rook-csi-rbd-node","csi.storage.k8s.io/node-stage-secret-namespace":"rook-ceph","csi.storage.k8s.io/provisioner-secret-name":"rook-csi-rbd-provisioner","csi.storage.k8s.io/provisioner-secret-namespace":"rook-ceph","imageFeatures":"layering","imageFormat":"2","pool":"ceph-blockpool"},"provisioner":"rook-ceph.rbd.csi.ceph.com","reclaimPolicy":"Delete"}
    storageclass.kubernetes.io/is-default-class: "true"
  labels:
    app.kubernetes.io/managed-by: pulumi
  name: ceph-block
parameters:
  clusterID: rook-ceph
  csi.storage.k8s.io/controller-expand-secret-name: rook-csi-rbd-provisioner
  csi.storage.k8s.io/controller-expand-secret-namespace: rook-ceph
  csi.storage.k8s.io/fstype: ext4
  csi.storage.k8s.io/node-stage-secret-name: rook-csi-rbd-node
  csi.storage.k8s.io/node-stage-secret-namespace: rook-ceph
  csi.storage.k8s.io/provisioner-secret-name: rook-csi-rbd-provisioner
  csi.storage.k8s.io/provisioner-secret-namespace: rook-ceph
  imageFeatures: layering
  imageFormat: "2"
  pool: ceph-blockpool
provisioner: rook-ceph.rbd.csi.ceph.com
reclaimPolicy: Delete
